
Microsoft Visual Studio Solution File, Format Version 12.00
# Visual Studio Version 17
VisualStudioVersion = 17.5.002.0
MinimumVisualStudioVersion = 10.0.40219.1
Project("{9A19103F-16F7-4668-BE54-9A1E7A4F7556}") = "task", "task.csproj", "{73536DB2-7B67-4A43-A0EE-70013546C96E}"
EndProject
Global
	GlobalSection(SolutionConfigurationPlatforms) = preSolution
		Debug|Any CPU = Debug|Any CPU
		Release|Any CPU = Release|Any CPU
	EndGlobalSection
	GlobalSection(ProjectConfigurationPlatforms) = postSolution
		{73536DB2-7B67-4A43-A0EE-70013546C96E}.Debug|Any CPU.ActiveCfg = Debug|Any CPU
		{73536DB2-7B67-4A43-A0EE-70013546C96E}.Debug|Any CPU.Build.0 = Debug|Any CPU
		{73536DB2-7B67-4A43-A0EE-70013546C96E}.Release|Any CPU.ActiveCfg = Release|Any CPU
		{73536DB2-7B67-4A43-A0EE-70013546C96E}.Release|Any CPU.Build.0 = Release|Any CPU
	EndGlobalSection
	GlobalSection(SolutionProperties) = preSolution
		HideSolutionNode = FALSE
	EndGlobalSection
	GlobalSection(ExtensibilityGlobals) = postSolution
		SolutionGuid = {4AD19430-0D52-431F-BA96-FD9E8AFFCF96}
	EndGlobalSection
EndGlobal
